<?xml version="1.0" encoding="utf-8"?>
<Project ToolsVersion="4.0" xmlns="http://schemas.microsoft.com/developer/msbuild/2003">
  <ItemGroup>
    <Filter Include="Framework">
      <UniqueIdentifier>{4FC737F1-C7A5-4376-A066-2A32D752A2FF}</UniqueIdentifier>
      <Extensions>cpp;c;cc;cxx;c++;cppm;ixx;def;odl;idl;hpj;bat;asm;asmx</Extensions>
    </Filter>
    <Filter Include="UnitTest">
      <UniqueIdentifier>{960b6e9d-ce87-4f51-97f1-2e293af9bfc3}</UniqueIdentifier>
    </Filter>
  </ItemGroup>
  <ItemGroup>
    <ClInclude Include="EngineBuildPreferences.hpp">
      <Filter>Framework</Filter>
    </ClInclude>
    <ClInclude Include="GameCommon.hpp">
      <Filter>Framework</Filter>
    </ClInclude>
    <ClInclude Include="UnitTests_AABB2.hpp">
      <Filter>UnitTest</Filter>
    </ClInclude>
    <ClInclude Include="PerformanceTimer.hpp">
      <Filter>Framework</Filter>
    </ClInclude>
    <ClInclude Include="UnitTests_Vec2.hpp">
      <Filter>UnitTest</Filter>
    </ClInclude>
    <ClInclude Include="UnitTests_InputSystem.hpp">
      <Filter>UnitTest</Filter>
    </ClInclude>
    <ClInclude Include="UnitTests_Vec3.hpp">
      <Filter>UnitTest</Filter>
    </ClInclude>
    <ClInclude Include="UnitTests_Vec4.hpp">
      <Filter>UnitTest</Filter>
    </ClInclude>
    <ClInclude Include="UnitTests_IntVec2.hpp">
      <Filter>UnitTest</Filter>
    </ClInclude>
    <ClInclude Include="UnitTests_IntVec3.hpp">
      <Filter>UnitTest</Filter>
    </ClInclude>
  </ItemGroup>
  <ItemGroup>
    <ClCompile Include="Main.cpp">
      <Filter>Framework</Filter>
    </ClCompile>
    <ClCompile Include="UnitTests_AABB2.cpp">
      <Filter>UnitTest</Filter>
    </ClCompile>
    <ClCompile Include="GameCommon.cpp">
      <Filter>Framework</Filter>
    </ClCompile>
    <ClCompile Include="PerformanceTimer.cpp">
      <Filter>Framework</Filter>
    </ClCompile>
    <ClCompile Include="UnitTests_Vec2.cpp">
      <Filter>UnitTest</Filter>
    </ClCompile>
    <ClCompile Include="UnitTests_InputSystem.cpp">
      <Filter>UnitTest</Filter>
    </ClCompile>
    <ClCompile Include="UnitTests_Vec3.cpp">
      <Filter>UnitTest</Filter>
    </ClCompile>
    <ClCompile Include="UnitTests_Vec4.cpp">
      <Filter>UnitTest</Filter>
    </ClCompile>
    <ClCompile Include="UnitTests_IntVec2.cpp">
      <Filter>UnitTest</Filter>
    </ClCompile>
    <ClCompile Include="UnitTests_IntVec3.cpp">
      <Filter>UnitTest</Filter>
    </ClCompile>
  </ItemGroup>
</Project>